
Microsoft Visual Studio Solution File, Format Version 12.00
# Visual Studio Version 16
VisualStudioVersion = 16.0.29911.84
MinimumVisualStudioVersion = 10.0.40219.1
Project("{9A19103F-16F7-4668-BE54-9A1E7A4F7556}") = "EmployeeStore", "EmployeeStore\EmployeeStore.csproj", "{78E619D7-0E05-4677-9C05-CCF20D81A6E7}"
EndProject
Global
	GlobalSection(SolutionConfigurationPlatforms) = preSolution
		Debug|Any CPU = Debug|Any CPU
		Release|Any CPU = Release|Any CPU
	EndGlobalSection
	GlobalSection(ProjectConfigurationPlatforms) = postSolution
		{78E619D7-0E05-4677-9C05-CCF20D81A6E7}.Debug|Any CPU.ActiveCfg = Debug|Any CPU
		{78E619D7-0E05-4677-9C05-CCF20D81A6E7}.Debug|Any CPU.Build.0 = Debug|Any CPU
		{78E619D7-0E05-4677-9C05-CCF20D81A6E7}.Release|Any CPU.ActiveCfg = Release|Any CPU
		{78E619D7-0E05-4677-9C05-CCF20D81A6E7}.Release|Any CPU.Build.0 = Release|Any CPU
	EndGlobalSection
	GlobalSection(SolutionProperties) = preSolution
		HideSolutionNode = FALSE
	EndGlobalSection
	GlobalSection(ExtensibilityGlobals) = postSolution
		SolutionGuid = {D89C6A99-B6F0-4DB2-BFC7-AED9C1162E3A}
	EndGlobalSection
EndGlobal
